
Microsoft Visual Studio Solution File, Format Version 12.00
# Visual Studio Version 17
VisualStudioVersion = 17.7.34024.191
MinimumVisualStudioVersion = 10.0.40219.1
Project("{FAE04EC0-301F-11D3-BF4B-00C04F79EFBC}") = "Arreglos_Practicos1", "Arreglos_Practicos1\Arreglos_Practicos1.csproj", "{4D2A71E6-81A3-46C5-B4D9-99A0C0FAEB1E}"
EndProject
Global
	GlobalSection(SolutionConfigurationPlatforms) = preSolution
		Debug|Any CPU = Debug|Any CPU
		Release|Any CPU = Release|Any CPU
	EndGlobalSection
	GlobalSection(ProjectConfigurationPlatforms) = postSolution
		{4D2A71E6-81A3-46C5-B4D9-99A0C0FAEB1E}.Debug|Any CPU.ActiveCfg = Debug|Any CPU
		{4D2A71E6-81A3-46C5-B4D9-99A0C0FAEB1E}.Debug|Any CPU.Build.0 = Debug|Any CPU
		{4D2A71E6-81A3-46C5-B4D9-99A0C0FAEB1E}.Release|Any CPU.ActiveCfg = Release|Any CPU
		{4D2A71E6-81A3-46C5-B4D9-99A0C0FAEB1E}.Release|Any CPU.Build.0 = Release|Any CPU
	EndGlobalSection
	GlobalSection(SolutionProperties) = preSolution
		HideSolutionNode = FALSE
	EndGlobalSection
	GlobalSection(ExtensibilityGlobals) = postSolution
		SolutionGuid = {7E046995-7383-4742-974A-7A2426E4DD23}
	EndGlobalSection
EndGlobal
